
Microsoft Visual Studio Solution File, Format Version 11.00
# Visual Studio 2010
Project("{FAE04EC0-301F-11D3-BF4B-00C04F79EFBC}") = "GetIPv4Address", "GetIPv4Address\GetIPv4Address.csproj", "{4D2689F0-6137-4D57-8CBD-78D57D3DD995}"
EndProject
Project("{F184B08F-C81C-45F6-A57F-5ABD9991F28F}") = "DotNetHookDemo", "DotNetHookDemo\DotNetHookDemo.vbproj", "{2755D4EB-D17E-4F89-915D-A02489AD9971}"
EndProject
Project("{FAE04EC0-301F-11D3-BF4B-00C04F79EFBC}") = "DeleInvoke", "DeleInvoke\DeleInvoke.csproj", "{1A1D19A3-84A2-4FEE-9BE5-1D97548F77E4}"
EndProject
Project("{F184B08F-C81C-45F6-A57F-5ABD9991F28F}") = "Code128Demo", "Code128Demo\Code128Demo.vbproj", "{F4EBECC8-CF56-4818-98CD-E9DC1B7BF4FE}"
EndProject
Project("{FAE04EC0-301F-11D3-BF4B-00C04F79EFBC}") = "SyncSocketDemo", "SyncSocketDemo\SyncSocketDemo.csproj", "{313CA6C2-FF33-49BC-A2B5-3DA872E8C216}"
EndProject
Project("{F184B08F-C81C-45F6-A57F-5ABD9991F28F}") = "frmCmdConsole", "frmCmdConsole\frmCmdConsole.vbproj", "{B8C2555E-0FA0-480E-A204-2859449F54FE}"
EndProject
Project("{FAE04EC0-301F-11D3-BF4B-00C04F79EFBC}") = "DllInvoke", "DllInvoke\DllInvoke.csproj", "{B1A29D96-9DE4-4BD2-8905-A9C9518926AA}"
EndProject
Project("{2150E333-8FDC-42A3-9474-1A3956D46DE8}") = "Base.WinFormUI", "Base.WinFormUI", "{BE0295C6-3D61-4585-ADC6-C2E69ECFE034}"
EndProject
Project("{FAE04EC0-301F-11D3-BF4B-00C04F79EFBC}") = "WinFormsUI", "WinFormsUI\WinFormsUI.csproj", "{C75532C4-765B-418E-B09B-46D36B2ABDB1}"
EndProject
Project("{FAE04EC0-301F-11D3-BF4B-00C04F79EFBC}") = "DockSample", "DockSample\DockSample.csproj", "{40793A27-478B-4357-B4C3-FC8943131F3D}"
EndProject
Project("{FAE04EC0-301F-11D3-BF4B-00C04F79EFBC}") = "UtilityLibrary", "UtilityLibrary\UtilityLibrary.csproj", "{EF17DE45-C757-48BF-BE3B-FD8E1D72E154}"
EndProject
Project("{FAE04EC0-301F-11D3-BF4B-00C04F79EFBC}") = "UtilityLibrary.Designers", "UtilityLibrary.Designers\UtilityLibrary.Designers.csproj", "{ED491C68-A72C-45AA-AFCC-644C376DA65E}"
EndProject
Project("{FAE04EC0-301F-11D3-BF4B-00C04F79EFBC}") = "UtilityLibrary.Win32.WindowsAPI", "UtilityLibrary.Win32.WindowsAPI\UtilityLibrary.Win32.WindowsAPI.csproj", "{73218D7E-8813-4E5E-8163-18282C2CADEB}"
EndProject
Project("{F184B08F-C81C-45F6-A57F-5ABD9991F28F}") = "MultiWebPage", "MultiWebPage\MultiWebPage.vbproj", "{A2720157-E724-42BD-9A07-6F3A33DF534A}"
EndProject
Global
	GlobalSection(SolutionConfigurationPlatforms) = preSolution
		Debug|Any CPU = Debug|Any CPU
		Debug|Mixed Platforms = Debug|Mixed Platforms
		Debug|x86 = Debug|x86
		Release|Any CPU = Release|Any CPU
		Release|Mixed Platforms = Release|Mixed Platforms
		Release|x86 = Release|x86
	EndGlobalSection
	GlobalSection(ProjectConfigurationPlatforms) = postSolution
		{4D2689F0-6137-4D57-8CBD-78D57D3DD995}.Debug|Any CPU.ActiveCfg = Debug|Any CPU
		{4D2689F0-6137-4D57-8CBD-78D57D3DD995}.Debug|Any CPU.Build.0 = Debug|Any CPU
		{4D2689F0-6137-4D57-8CBD-78D57D3DD995}.Debug|Mixed Platforms.ActiveCfg = Debug|Any CPU
		{4D2689F0-6137-4D57-8CBD-78D57D3DD995}.Debug|Mixed Platforms.Build.0 = Debug|Any CPU
		{4D2689F0-6137-4D57-8CBD-78D57D3DD995}.Debug|x86.ActiveCfg = Debug|Any CPU
		{4D2689F0-6137-4D57-8CBD-78D57D3DD995}.Release|Any CPU.ActiveCfg = Debug|Any CPU
		{4D2689F0-6137-4D57-8CBD-78D57D3DD995}.Release|Any CPU.Build.0 = Debug|Any CPU
		{4D2689F0-6137-4D57-8CBD-78D57D3DD995}.Release|Mixed Platforms.ActiveCfg = Debug|Any CPU
		{4D2689F0-6137-4D57-8CBD-78D57D3DD995}.Release|Mixed Platforms.Build.0 = Debug|Any CPU
		{4D2689F0-6137-4D57-8CBD-78D57D3DD995}.Release|x86.ActiveCfg = Debug|Any CPU
		{2755D4EB-D17E-4F89-915D-A02489AD9971}.Debug|Any CPU.ActiveCfg = Debug|Any CPU
		{2755D4EB-D17E-4F89-915D-A02489AD9971}.Debug|Any CPU.Build.0 = Debug|Any CPU
		{2755D4EB-D17E-4F89-915D-A02489AD9971}.Debug|Mixed Platforms.ActiveCfg = Debug|Any CPU
		{2755D4EB-D17E-4F89-915D-A02489AD9971}.Debug|Mixed Platforms.Build.0 = Debug|Any CPU
		{2755D4EB-D17E-4F89-915D-A02489AD9971}.Debug|x86.ActiveCfg = Debug|Any CPU
		{2755D4EB-D17E-4F89-915D-A02489AD9971}.Release|Any CPU.ActiveCfg = Debug|Any CPU
		{2755D4EB-D17E-4F89-915D-A02489AD9971}.Release|Any CPU.Build.0 = Debug|Any CPU
		{2755D4EB-D17E-4F89-915D-A02489AD9971}.Release|Mixed Platforms.ActiveCfg = Debug|Any CPU
		{2755D4EB-D17E-4F89-915D-A02489AD9971}.Release|Mixed Platforms.Build.0 = Debug|Any CPU
		{2755D4EB-D17E-4F89-915D-A02489AD9971}.Release|x86.ActiveCfg = Debug|Any CPU
		{1A1D19A3-84A2-4FEE-9BE5-1D97548F77E4}.Debug|Any CPU.ActiveCfg = Debug|Any CPU
		{1A1D19A3-84A2-4FEE-9BE5-1D97548F77E4}.Debug|Any CPU.Build.0 = Debug|Any CPU
		{1A1D19A3-84A2-4FEE-9BE5-1D97548F77E4}.Debug|Mixed Platforms.ActiveCfg = Debug|Any CPU
		{1A1D19A3-84A2-4FEE-9BE5-1D97548F77E4}.Debug|Mixed Platforms.Build.0 = Debug|Any CPU
		{1A1D19A3-84A2-4FEE-9BE5-1D97548F77E4}.Debug|x86.ActiveCfg = Debug|Any CPU
		{1A1D19A3-84A2-4FEE-9BE5-1D97548F77E4}.Release|Any CPU.ActiveCfg = Debug|Any CPU
		{1A1D19A3-84A2-4FEE-9BE5-1D97548F77E4}.Release|Any CPU.Build.0 = Debug|Any CPU
		{1A1D19A3-84A2-4FEE-9BE5-1D97548F77E4}.Release|Mixed Platforms.ActiveCfg = Debug|Any CPU
		{1A1D19A3-84A2-4FEE-9BE5-1D97548F77E4}.Release|Mixed Platforms.Build.0 = Debug|Any CPU
		{1A1D19A3-84A2-4FEE-9BE5-1D97548F77E4}.Release|x86.ActiveCfg = Debug|Any CPU
		{F4EBECC8-CF56-4818-98CD-E9DC1B7BF4FE}.Debug|Any CPU.ActiveCfg = Debug|Any CPU
		{F4EBECC8-CF56-4818-98CD-E9DC1B7BF4FE}.Debug|Any CPU.Build.0 = Debug|Any CPU
		{F4EBECC8-CF56-4818-98CD-E9DC1B7BF4FE}.Debug|Mixed Platforms.ActiveCfg = Debug|Any CPU
		{F4EBECC8-CF56-4818-98CD-E9DC1B7BF4FE}.Debug|Mixed Platforms.Build.0 = Debug|Any CPU
		{F4EBECC8-CF56-4818-98CD-E9DC1B7BF4FE}.Debug|x86.ActiveCfg = Debug|Any CPU
		{F4EBECC8-CF56-4818-98CD-E9DC1B7BF4FE}.Release|Any CPU.ActiveCfg = Debug|Any CPU
		{F4EBECC8-CF56-4818-98CD-E9DC1B7BF4FE}.Release|Any CPU.Build.0 = Debug|Any CPU
		{F4EBECC8-CF56-4818-98CD-E9DC1B7BF4FE}.Release|Mixed Platforms.ActiveCfg = Debug|Any CPU
		{F4EBECC8-CF56-4818-98CD-E9DC1B7BF4FE}.Release|Mixed Platforms.Build.0 = Debug|Any CPU
		{F4EBECC8-CF56-4818-98CD-E9DC1B7BF4FE}.Release|x86.ActiveCfg = Debug|Any CPU
		{313CA6C2-FF33-49BC-A2B5-3DA872E8C216}.Debug|Any CPU.ActiveCfg = Debug|Any CPU
		{313CA6C2-FF33-49BC-A2B5-3DA872E8C216}.Debug|Any CPU.Build.0 = Debug|Any CPU
		{313CA6C2-FF33-49BC-A2B5-3DA872E8C216}.Debug|Mixed Platforms.ActiveCfg = Debug|Any CPU
		{313CA6C2-FF33-49BC-A2B5-3DA872E8C216}.Debug|Mixed Platforms.Build.0 = Debug|Any CPU
		{313CA6C2-FF33-49BC-A2B5-3DA872E8C216}.Debug|x86.ActiveCfg = Debug|Any CPU
		{313CA6C2-FF33-49BC-A2B5-3DA872E8C216}.Release|Any CPU.ActiveCfg = Debug|Any CPU
		{313CA6C2-FF33-49BC-A2B5-3DA872E8C216}.Release|Any CPU.Build.0 = Debug|Any CPU
		{313CA6C2-FF33-49BC-A2B5-3DA872E8C216}.Release|Mixed Platforms.ActiveCfg = Debug|Any CPU
		{313CA6C2-FF33-49BC-A2B5-3DA872E8C216}.Release|Mixed Platforms.Build.0 = Debug|Any CPU
		{313CA6C2-FF33-49BC-A2B5-3DA872E8C216}.Release|x86.ActiveCfg = Debug|Any CPU
		{B8C2555E-0FA0-480E-A204-2859449F54FE}.Debug|Any CPU.ActiveCfg = Debug|Any CPU
		{B8C2555E-0FA0-480E-A204-2859449F54FE}.Debug|Any CPU.Build.0 = Debug|Any CPU
		{B8C2555E-0FA0-480E-A204-2859449F54FE}.Debug|Mixed Platforms.ActiveCfg = Debug|Any CPU
		{B8C2555E-0FA0-480E-A204-2859449F54FE}.Debug|Mixed Platforms.Build.0 = Debug|Any CPU
		{B8C2555E-0FA0-480E-A204-2859449F54FE}.Debug|x86.ActiveCfg = Debug|Any CPU
		{B8C2555E-0FA0-480E-A204-2859449F54FE}.Release|Any CPU.ActiveCfg = Debug|Any CPU
		{B8C2555E-0FA0-480E-A204-2859449F54FE}.Release|Any CPU.Build.0 = Debug|Any CPU
		{B8C2555E-0FA0-480E-A204-2859449F54FE}.Release|Mixed Platforms.ActiveCfg = Debug|Any CPU
		{B8C2555E-0FA0-480E-A204-2859449F54FE}.Release|Mixed Platforms.Build.0 = Debug|Any CPU
		{B8C2555E-0FA0-480E-A204-2859449F54FE}.Release|x86.ActiveCfg = Debug|Any CPU
		{B1A29D96-9DE4-4BD2-8905-A9C9518926AA}.Debug|Any CPU.ActiveCfg = Debug|Any CPU
		{B1A29D96-9DE4-4BD2-8905-A9C9518926AA}.Debug|Any CPU.Build.0 = Debug|Any CPU
		{B1A29D96-9DE4-4BD2-8905-A9C9518926AA}.Debug|Mixed Platforms.ActiveCfg = Debug|Any CPU
		{B1A29D96-9DE4-4BD2-8905-A9C9518926AA}.Debug|Mixed Platforms.Build.0 = Debug|Any CPU
		{B1A29D96-9DE4-4BD2-8905-A9C9518926AA}.Debug|x86.ActiveCfg = Debug|Any CPU
		{B1A29D96-9DE4-4BD2-8905-A9C9518926AA}.Release|Any CPU.ActiveCfg = Debug|Any CPU
		{B1A29D96-9DE4-4BD2-8905-A9C9518926AA}.Release|Any CPU.Build.0 = Debug|Any CPU
		{B1A29D96-9DE4-4BD2-8905-A9C9518926AA}.Release|Mixed Platforms.ActiveCfg = Debug|Any CPU
		{B1A29D96-9DE4-4BD2-8905-A9C9518926AA}.Release|Mixed Platforms.Build.0 = Debug|Any CPU
		{B1A29D96-9DE4-4BD2-8905-A9C9518926AA}.Release|x86.ActiveCfg = Debug|Any CPU
		{C75532C4-765B-418E-B09B-46D36B2ABDB1}.Debug|Any CPU.ActiveCfg = Debug|Any CPU
		{C75532C4-765B-418E-B09B-46D36B2ABDB1}.Debug|Any CPU.Build.0 = Debug|Any CPU
		{C75532C4-765B-418E-B09B-46D36B2ABDB1}.Debug|Mixed Platforms.ActiveCfg = Debug|Any CPU
		{C75532C4-765B-418E-B09B-46D36B2ABDB1}.Debug|Mixed Platforms.Build.0 = Debug|Any CPU
		{C75532C4-765B-418E-B09B-46D36B2ABDB1}.Debug|x86.ActiveCfg = Debug|Any CPU
		{C75532C4-765B-418E-B09B-46D36B2ABDB1}.Release|Any CPU.ActiveCfg = Debug|Any CPU
		{C75532C4-765B-418E-B09B-46D36B2ABDB1}.Release|Any CPU.Build.0 = Debug|Any CPU
		{C75532C4-765B-418E-B09B-46D36B2ABDB1}.Release|Mixed Platforms.ActiveCfg = Debug|Any CPU
		{C75532C4-765B-418E-B09B-46D36B2ABDB1}.Release|Mixed Platforms.Build.0 = Debug|Any CPU
		{C75532C4-765B-418E-B09B-46D36B2ABDB1}.Release|x86.ActiveCfg = Debug|Any CPU
		{40793A27-478B-4357-B4C3-FC8943131F3D}.Debug|Any CPU.ActiveCfg = Debug|Any CPU
		{40793A27-478B-4357-B4C3-FC8943131F3D}.Debug|Any CPU.Build.0 = Debug|Any CPU
		{40793A27-478B-4357-B4C3-FC8943131F3D}.Debug|Mixed Platforms.ActiveCfg = Debug|Any CPU
		{40793A27-478B-4357-B4C3-FC8943131F3D}.Debug|Mixed Platforms.Build.0 = Debug|Any CPU
		{40793A27-478B-4357-B4C3-FC8943131F3D}.Debug|x86.ActiveCfg = Debug|Any CPU
		{40793A27-478B-4357-B4C3-FC8943131F3D}.Release|Any CPU.ActiveCfg = Debug|Any CPU
		{40793A27-478B-4357-B4C3-FC8943131F3D}.Release|Any CPU.Build.0 = Debug|Any CPU
		{40793A27-478B-4357-B4C3-FC8943131F3D}.Release|Mixed Platforms.ActiveCfg = Debug|Any CPU
		{40793A27-478B-4357-B4C3-FC8943131F3D}.Release|Mixed Platforms.Build.0 = Debug|Any CPU
		{40793A27-478B-4357-B4C3-FC8943131F3D}.Release|x86.ActiveCfg = Debug|Any CPU
		{EF17DE45-C757-48BF-BE3B-FD8E1D72E154}.Debug|Any CPU.ActiveCfg = Debug|Any CPU
		{EF17DE45-C757-48BF-BE3B-FD8E1D72E154}.Debug|Any CPU.Build.0 = Debug|Any CPU
		{EF17DE45-C757-48BF-BE3B-FD8E1D72E154}.Debug|Mixed Platforms.ActiveCfg = Debug|Any CPU
		{EF17DE45-C757-48BF-BE3B-FD8E1D72E154}.Debug|Mixed Platforms.Build.0 = Debug|Any CPU
		{EF17DE45-C757-48BF-BE3B-FD8E1D72E154}.Debug|x86.ActiveCfg = Debug|Any CPU
		{EF17DE45-C757-48BF-BE3B-FD8E1D72E154}.Release|Any CPU.ActiveCfg = Debug|Any CPU
		{EF17DE45-C757-48BF-BE3B-FD8E1D72E154}.Release|Any CPU.Build.0 = Debug|Any CPU
		{EF17DE45-C757-48BF-BE3B-FD8E1D72E154}.Release|Mixed Platforms.ActiveCfg = Debug|Any CPU
		{EF17DE45-C757-48BF-BE3B-FD8E1D72E154}.Release|Mixed Platforms.Build.0 = Debug|Any CPU
		{EF17DE45-C757-48BF-BE3B-FD8E1D72E154}.Release|x86.ActiveCfg = Debug|Any CPU
		{ED491C68-A72C-45AA-AFCC-644C376DA65E}.Debug|Any CPU.ActiveCfg = Debug|Any CPU
		{ED491C68-A72C-45AA-AFCC-644C376DA65E}.Debug|Any CPU.Build.0 = Debug|Any CPU
		{ED491C68-A72C-45AA-AFCC-644C376DA65E}.Debug|Mixed Platforms.ActiveCfg = Debug|Any CPU
		{ED491C68-A72C-45AA-AFCC-644C376DA65E}.Debug|Mixed Platforms.Build.0 = Debug|Any CPU
		{ED491C68-A72C-45AA-AFCC-644C376DA65E}.Debug|x86.ActiveCfg = Debug|Any CPU
		{ED491C68-A72C-45AA-AFCC-644C376DA65E}.Release|Any CPU.ActiveCfg = Debug|Any CPU
		{ED491C68-A72C-45AA-AFCC-644C376DA65E}.Release|Any CPU.Build.0 = Debug|Any CPU
		{ED491C68-A72C-45AA-AFCC-644C376DA65E}.Release|Mixed Platforms.ActiveCfg = Debug|Any CPU
		{ED491C68-A72C-45AA-AFCC-644C376DA65E}.Release|Mixed Platforms.Build.0 = Debug|Any CPU
		{ED491C68-A72C-45AA-AFCC-644C376DA65E}.Release|x86.ActiveCfg = Debug|Any CPU
		{73218D7E-8813-4E5E-8163-18282C2CADEB}.Debug|Any CPU.ActiveCfg = Debug|Any CPU
		{73218D7E-8813-4E5E-8163-18282C2CADEB}.Debug|Any CPU.Build.0 = Debug|Any CPU
		{73218D7E-8813-4E5E-8163-18282C2CADEB}.Debug|Mixed Platforms.ActiveCfg = Debug|Any CPU
		{73218D7E-8813-4E5E-8163-18282C2CADEB}.Debug|Mixed Platforms.Build.0 = Debug|Any CPU
		{73218D7E-8813-4E5E-8163-18282C2CADEB}.Debug|x86.ActiveCfg = Debug|Any CPU
		{73218D7E-8813-4E5E-8163-18282C2CADEB}.Release|Any CPU.ActiveCfg = Debug|Any CPU
		{73218D7E-8813-4E5E-8163-18282C2CADEB}.Release|Any CPU.Build.0 = Debug|Any CPU
		{73218D7E-8813-4E5E-8163-18282C2CADEB}.Release|Mixed Platforms.ActiveCfg = Debug|Any CPU
		{73218D7E-8813-4E5E-8163-18282C2CADEB}.Release|Mixed Platforms.Build.0 = Debug|Any CPU
		{73218D7E-8813-4E5E-8163-18282C2CADEB}.Release|x86.ActiveCfg = Debug|Any CPU
		{A2720157-E724-42BD-9A07-6F3A33DF534A}.Debug|Any CPU.ActiveCfg = Debug|x86
		{A2720157-E724-42BD-9A07-6F3A33DF534A}.Debug|Mixed Platforms.ActiveCfg = Debug|x86
		{A2720157-E724-42BD-9A07-6F3A33DF534A}.Debug|Mixed Platforms.Build.0 = Debug|x86
		{A2720157-E724-42BD-9A07-6F3A33DF534A}.Debug|x86.ActiveCfg = Debug|x86
		{A2720157-E724-42BD-9A07-6F3A33DF534A}.Debug|x86.Build.0 = Debug|x86
		{A2720157-E724-42BD-9A07-6F3A33DF534A}.Release|Any CPU.ActiveCfg = Release|x86
		{A2720157-E724-42BD-9A07-6F3A33DF534A}.Release|Mixed Platforms.ActiveCfg = Release|x86
		{A2720157-E724-42BD-9A07-6F3A33DF534A}.Release|Mixed Platforms.Build.0 = Release|x86
		{A2720157-E724-42BD-9A07-6F3A33DF534A}.Release|x86.ActiveCfg = Release|x86
		{A2720157-E724-42BD-9A07-6F3A33DF534A}.Release|x86.Build.0 = Release|x86
	EndGlobalSection
	GlobalSection(SolutionProperties) = preSolution
		HideSolutionNode = FALSE
	EndGlobalSection
	GlobalSection(NestedProjects) = preSolution
		{4D2689F0-6137-4D57-8CBD-78D57D3DD995} = {BE0295C6-3D61-4585-ADC6-C2E69ECFE034}
		{C75532C4-765B-418E-B09B-46D36B2ABDB1} = {BE0295C6-3D61-4585-ADC6-C2E69ECFE034}
		{40793A27-478B-4357-B4C3-FC8943131F3D} = {BE0295C6-3D61-4585-ADC6-C2E69ECFE034}
		{EF17DE45-C757-48BF-BE3B-FD8E1D72E154} = {BE0295C6-3D61-4585-ADC6-C2E69ECFE034}
		{ED491C68-A72C-45AA-AFCC-644C376DA65E} = {BE0295C6-3D61-4585-ADC6-C2E69ECFE034}
		{73218D7E-8813-4E5E-8163-18282C2CADEB} = {BE0295C6-3D61-4585-ADC6-C2E69ECFE034}
	EndGlobalSection
EndGlobal
